version = 1
revision = 1
requires-python = ">=3.11"

[[package]]
name = "colorama"
version = "0.4.6"
source = { registry = "https://pypi.org/simple" }
sdist = { url = "https://files.pythonhosted.org/packages/d8/53/6f443c9a4a8358a93a6792e2acffb9d9d5cb0a5cfd8802644b7b1c9a02e4/colorama-0.4.6.tar.gz", hash = "sha256:08695f5cb7ed6e0531a20572697297273c47b8cae5a63ffc6d6ed5c201be6e44", size = 27697 }
wheels = [
    { url = "https://files.pythonhosted.org/packages/d1/d6/3965ed04c63042e047cb6a3e6ed1a63a35087b6a609aa3a15ed8ac56c221/colorama-0.4.6-py2.py3-none-any.whl", hash = "sha256:4f1d9991f5acc0ca119f9d443620b77f9d6b33703e51011c16baf57afb285fc6", size = 25335 },
]

[[package]]
name = "dlp-reasoner"
version = "0.1.0"
source = { editable = "." }
dependencies = [
    { name = "rdflib" },
]

[package.optional-dependencies]
dev = [
    { name = "hypothesis" },
    { name = "owlrl" },
    { name = "pytest" },
    { name = "ruff" },
]

[package.metadata]
requires-dist = [
    { name = "hypothesis", marker = "extra == 'dev'", specifier = ">=6,<7" },
    { name = "owlrl", marker = "extra == 'dev'", specifier = ">=7,<8" },
    { name = "pytest", marker = "extra == 'dev'", specifier = ">=8,<10" },
    { name = "rdflib", specifier = ">=7.1,<8" },
    { name = "ruff", marker = "extra == 'dev'", specifier = ">=0.12,<1" },
]
provides-extras = ["dev"]

[[package]]
name = "hypothesis"
version = "6.168.0"
source = { registry = "https://pypi.org/simple" }
dependencies = [
    { name = "sortedcontainers" },
]
sdist = { url = "https://files.pythonhosted.org/packages/5a/ce/c0946bebffb99b62426a6a7643d4272cc6c5cf777a488b3b4d0ee724e960/hypothesis-6.168.0.tar.gz", hash = "sha256:72af51087b7b5ab21c49f0d502f803c20897678652835596bd2a8b169a39135e", size = 510805 }
wheels = [
    { url = "https://files.pythonhosted.org/packages/0f/f8/8b2cc9ae7b439538f6f2d32a92892340b6343a6b04d171c516666901dedc/hypothesis-6.168.0-cp310-abi3-macosx_10_12_x86_64.whl", hash = "sha256:47b89491ff02e3ae9b302c440457938e87b47a45b9a1d98ff5575b6910d779e2", size = 791358 },
    { url = "https://files.pythonhosted.org/packages/8b/f4/4d7d897310cde5085779fb96feadb8529d98cb8e51ed7b24f7da9b6c6bdc/hypothesis-6.168.0-cp310-abi3-macosx_11_0_arm64.whl", hash = "sha256:1f4cd0ff11bd470a1a846296ed5fe55e84214194850370994fd1370fe73d3099", size = 787081 },
    { url = "https://files.pythonhosted.org/packages/26/7b/9d52066d363faba7f3ac20ee60a3c696a475feb2c477d235d0d649d41cc1/hypothesis-6.168.0-cp310-abi3-manylinux_2_17_aarch64.manylinux2014_aarch64.whl", hash = "sha256:732ae5d47482f99d8028cca096729625f05690a83f5e7ce31466e266155792f4", size = 1123850 },
    { url = "https://files.pythonhosted.org/packages/50/cf/aa46d76fa7df43caf2c372e394fda84ce1dc08421814f8674a6b9295e2ea/hypothesis-6.168.0-cp310-abi3-manylinux_2_17_armv7l.manylinux2014_armv7l.whl", hash = "sha256:2085ee74ac3ab6b70e2f7ffae9b4cb74c246da2f574b2de81a0818a8a30f659f", size = 1147685 },
    { url = "https://files.pythonhosted.org/packages/84/c2/78ed8c8d5aa37e4baae2a4b3e29687ee3d9b7f1a5e56ea5ea5ec7ec71ecb/hypothesis-6.168.0-cp310-abi3-manylinux_2_17_ppc64le.manylinux2014_ppc64le.whl", hash = "sha256:1894782fae5d9a7bb44e6dcf848ccb09ccb5babab48d8b5c31a0a7fc025b82a1", size = 1149294 },
    { url = "https://files.pythonhosted.org/packages/78/7f/d57440f19e9de70e85359cf179ce786f309ee17609bd3c5a0113272875c0/hypothesis-6.168.0-cp310-abi3-manylinux_2_17_x86_64.manylinux2014_x86_64.whl", hash = "sha256:ecf0ab13cef899efb816ffdd7963e0679f372520884ce06756c7642f3df94213", size = 1169729 },
    { url = "https://files.pythonhosted.org/packages/a1/86/dc74410a186990bb22c2a3eea0e77804f2eb0f300860b46d7d8948073674/hypothesis-6.168.0-cp310-abi3-manylinux_2_31_riscv64.whl", hash = "sha256:3f6dcf66270278d078bed01b401f47db4e26456cd909d8e23c6b9366a6c0b131", size = 1129182 },
    { url = "https://files.pythonhosted.org/packages/b2/5e/be048fc4f6dac831625e155bdf11e4233caf46bb54030391d6fba8e19449/hypothesis-6.168.0-cp310-abi3-manylinux_2_5_i686.manylinux1_i686.whl", hash = "sha256:bfef4d46dbf1704a7b8fa3a78778651a2cb18870ca0a70da19c381646822b149", size = 1160180 },
    { url = "https://files.pythonhosted.org/packages/0f/4a/15a34498a5f08720fbbdbbe4668a8050fe4e17c16c9eeb6f56a017f2fa6b/hypothesis-6.168.0-cp310-abi3-musllinux_1_2_aarch64.whl", hash = "sha256:1d1aa5b3484e329295d88488a5ba06243909e65c2ab616513c2d36721de4ed1d", size = 1299711 },
    { url = "https://files.pythonhosted.org/packages/77/09/5354e0dae302ab98c4f0046b7e8699c2186ae4349397bda5d5c852bda68b/hypothesis-6.168.0-cp310-abi3-musllinux_1_2_armv7l.whl", hash = "sha256:3bc00fd8cda04b58e37a1163e8a65389b247b4f5ee547ae37d244a4960995517", size = 1425341 },
    { url = "https://files.pythonhosted.org/packages/59/7c/3c0e1f59043ff128c70a51d298d3d6b5973525c357a1e1d0542dbc05ac90/hypothesis-6.168.0-cp310-abi3-musllinux_1_2_ppc64le.whl", hash = "sha256:990026952d5b2eca290c88f639ac639233f47e13dae338c6dfb6e4774bcab349", size = 1281063 },
    { url = "https://files.pythonhosted.org/packages/40/dd/db884db9a7d42ae6b72a00c13c725940b638dfb263e618b22af59d5dfa2f/hypothesis-6.168.0-cp310-abi3-musllinux_1_2_riscv64.whl", hash = "sha256:a74b0945acbbd552c7c2d0a99a3b5232962b8848c8eed1829451800a9bfcf00b", size = 1300247 },
    { url = "https://files.pythonhosted.org/packages/99/8a/4ee9769e1d48676efb6a78a130f82e0d52d3f87b2055294102272a08615c/hypothesis-6.168.0-cp310-abi3-musllinux_1_2_x86_64.whl", hash = "sha256:2a380b521b5a76a9e8917d64adcf7f861a45a4360a34b1579af14c5df8eb0377", size = 1336084 },
    { url = "https://files.pythonhosted.org/packages/61/17/d4ed11bc99d205d6d2651a0f1a4874f377150f836b5a0849bd511d68a2eb/hypothesis-6.168.0-cp310-abi3-win32.whl", hash = "sha256:2264f15a1c80329e3ad48e39c44bd5c9429b7b04c9ee62cdd72f4b10aaac9f29", size = 677989 },
    { url = "https://files.pythonhosted.org/packages/77/51/abf1fde7b8afab87db30afb73b3847e62440551d146472111cabeba2fe00/hypothesis-6.168.0-cp310-abi3-win_amd64.whl", hash = "sha256:5b54769033b84477931d2072e7133a7555e0de5c53fd5ca3bbde960762d7d31b", size = 684692 },
    { url = "https://files.pythonhosted.org/packages/12/e2/64d79aed47a95186ce9edcef60eb4684870c72542da3b7027c2483d8ee8c/hypothesis-6.168.0-cp310-abi3-win_arm64.whl", hash = "sha256:112b0900059bf9d7d6528ed729770629ab146e0d133c4143b9bd4a01dc002bcc", size = 682709 },
    { url = "https://files.pythonhosted.org/packages/a6/7a/7a28d9afd52c9a89c4d8e3170c92fe1ffbd4a4ce3f905ca15fa7ddaaa581/hypothesis-6.168.0-cp311-cp311-macosx_10_12_x86_64.whl", hash = "sha256:4d7d29dd63ad9fdc4aa1d65fa272449e14aaf6c6bb8451091818c2945533a43a", size = 792045 },
    { url = "https://files.pythonhosted.org/packages/0a/40/e2d6fe12b54abbc8b802b234ec4974d0a420dde4098f57a324e9c791ac27/hypothesis-6.168.0-cp311-cp311-macosx_11_0_arm64.whl", hash = "sha256:9a72ed7afa1f7e30488b8a5754fca0ad9755518bdb77d6f0b003cadf7437a5f9", size = 787932 },
    { url = "https://files.pythonhosted.org/packages/ff/89/cc78e05f3248949c6d9ecb489d0e422247d11b08533ab02e177a10a01610/hypothesis-6.168.0-cp311-cp311-manylinux_2_17_aarch64.manylinux2014_aarch64.whl", hash = "sha256:fcc5bad4300a751804ce41f0e10d77f85272668160708ce39ec579bca8984843", size = 1123994 },
    { url = "https://files.pythonhosted.org/packages/f6/e3/7d483a79e2ed9a6c868cac8783b3c6c2bb82303f7db364c9da9a406df10d/hypothesis-6.168.0-cp311-cp311-manylinux_2_17_x86_64.manylinux2014_x86_64.whl", hash = "sha256:53469a1a7c4861b12c9a8622f762d7d1fd7bcf171884e1018ed5a8f063a5c063", size = 1170271 },
    { url = "https://files.pythonhosted.org/packages/78/87/bffaf5b5e6b4566aa40d8a4ae25d8d84b47dfe0d9e771f454e4974cdb428/hypothesis-6.168.0-cp311-cp311-musllinux_1_2_aarch64.whl", hash = "sha256:a9650c4882fdbdd8e90bdae602a8bfa8c6f09dc5d06afec5b9b23982e8f60a04", size = 1300162 },
    { url = "https://files.pythonhosted.org/packages/25/06/6c30a00fc2f5c58546e858259cf2261c6a3ef6a060c373e00d00311267be/hypothesis-6.168.0-cp311-cp311-musllinux_1_2_x86_64.whl", hash = "sha256:348d9b93fd4129f67f9bab94f3d70709a9372bbe0e0d22731325ce85d5eb409f", size = 1336294 },
    { url = "https://files.pythonhosted.org/packages/fa/b1/501910e5a6a9c245f2394fda016376f6c7e209c5dca8c056eaece64ad10e/hypothesis-6.168.0-cp311-cp311-win_amd64.whl", hash = "sha256:719b45b0512e3535a6a0077c2f7c6053b02ac0e72d60693f66f98790a33855b2", size = 684464 },
    { url = "https://files.pythonhosted.org/packages/7b/5e/0035896c101f0484c364353f8ee30175eef8936b49171618677287fdd85d/hypothesis-6.168.0-cp312-cp312-macosx_10_12_x86_64.whl", hash = "sha256:6b750390dac4429da0cb70ab3fe758457f0cea3d9c843d48c59d0690d1189fda", size = 793115 },
    { url = "https://files.pythonhosted.org/packages/11/5c/938173e27df771cc6e92bc47f117a1b1be4a88fc6dc214f7fc65f9c7ad93/hypothesis-6.168.0-cp312-cp312-macosx_11_0_arm64.whl", hash = "sha256:8e4b2d434e0dd134f3d31ac1efc1825bf99730dfe70fec005ff66d7211836d79", size = 784634 },
    { url = "https://files.pythonhosted.org/packages/88/00/0b2c6ac07d519131f97712f2533750ffe9b2490eec8f518ef3a5ed2dd514/hypothesis-6.168.0-cp312-cp312-manylinux_2_17_aarch64.manylinux2014_aarch64.whl", hash = "sha256:76d4d36ed2fd62de11382f1d608169c1ffa9a49d3b9351146d8ff87cb81a66f7", size = 1122855 },
    { url = "https://files.pythonhosted.org/packages/8d/21/dde930fe43171cab37572bd993d70c2a271f240f428f8ccd64ec4c2d661b/hypothesis-6.168.0-cp312-cp312-manylinux_2_17_x86_64.manylinux2014_x86_64.whl", hash = "sha256:5920d267f7d8cfd376672f2bde5905cdf284d47519582e41ce7c142d48ee46c4", size = 1168932 },
    { url = "https://files.pythonhosted.org/packages/4c/5d/92b83c3d06194ec626e92723d0b0f70221ebf42d7cb355ed36929df6d735/hypothesis-6.168.0-cp312-cp312-musllinux_1_2_aarch64.whl", hash = "sha256:fb8cdf45361e259df86e19f8cd042ce2d6c7e6ad88fa631b78a4e3a83c2e572d", size = 1298566 },
    { url = "https://files.pythonhosted.org/packages/9c/67/52de8bf3446e3d2d555b812d96673b31bb213b5b9d5804a666e5d0bba76e/hypothesis-6.168.0-cp312-cp312-musllinux_1_2_x86_64.whl", hash = "sha256:3b3ce1cce70b25a37ed1a38a53ce7204785726c675c0f41a0f83c338a7e47b3d", size = 1335074 },
    { url = "https://files.pythonhosted.org/packages/14/fd/e592773c1c0ce55e35d26ec55f75546bf1fd72ef5a5c520ed685969b40cb/hypothesis-6.168.0-cp312-cp312-win_amd64.whl", hash = "sha256:f62bdabf278db9ff61df5f3203d608949f0d893d0e30cdac3f2330e67e41ae68", size = 682026 },
    { url = "https://files.pythonhosted.org/packages/ef/e9/39bb8fcccfbafd10fcc777d583c6ebad5d2148e7d743cb350562f28e974f/hypothesis-6.168.0-cp313-cp313-macosx_10_12_x86_64.whl", hash = "sha256:7d55562bf8d41cfa18559c33f30cadf44ceac8e517509d7a022a9feace621f28", size = 793050 },
    { url = "https://files.pythonhosted.org/packages/f7/dd/00fd32e8ec470535e0065cb8d6e175f9fc54b4d3a6f1269f6c487f8bd79d/hypothesis-6.168.0-cp313-cp313-macosx_11_0_arm64.whl", hash = "sha256:92cff497b92e2285ff6a94193fdee04aba483a4115d501c1f9a570bd103fcd20", size = 784558 },
    { url = "https://files.pythonhosted.org/packages/d2/4d/553c47093f68bdbac0438e16c024ce97649b5804dc6972ef86b9bd2db8a1/hypothesis-6.168.0-cp313-cp313-manylinux_2_17_aarch64.manylinux2014_aarch64.whl", hash = "sha256:6ff259260015f9be3756dcd4bc11c08e007314dec6b43d9a89084c4f34f94475", size = 1122841 },
    { url = "https://files.pythonhosted.org/packages/43/d6/0b5940aa75e617c8fd12200bae24d1b71347362514e8210735c581d4d3d1/hypothesis-6.168.0-cp313-cp313-manylinux_2_17_x86_64.manylinux2014_x86_64.whl", hash = "sha256:35f1262831b5acc74ded15f629965daffcd657f6016ee04fc9605f6eb2b334c0", size = 1168825 },
    { url = "https://files.pythonhosted.org/packages/9e/c0/800de1231b2869b51409bbf85799d6f1bf49a00e0afff0aabc097aa8f1b7/hypothesis-6.168.0-cp313-cp313-musllinux_1_2_aarch64.whl", hash = "sha256:046fe4bcfce2a2fa186ba9d96bbb62c25c2f6c2e4071f0783ed6b5cc481d0669", size = 1298433 },
    { url = "https://files.pythonhosted.org/packages/be/35/9907667a30c1dbabbc44a09b4c25a0f575570937fcbbada924ae3a1dbf2a/hypothesis-6.168.0-cp313-cp313-musllinux_1_2_x86_64.whl", hash = "sha256:24b52a2b1c8db6e1e516f9295c8e4ef7ef63303ff24fbbc5b35f4ff71dcd732c", size = 1334988 },
    { url = "https://files.pythonhosted.org/packages/98/8a/7bf214e703fff532ed47cb52ab93ce4b7ea41e4e7084593fa02b740828b7/hypothesis-6.168.0-cp313-cp313-win_amd64.whl", hash = "sha256:ec0886fe0be9091669937989f9a662beca42ae14a4a6dab25491c2c63365f88d", size = 681990 },
    { url = "https://files.pythonhosted.org/packages/2f/c1/64b36b250b1f66abb6ce8c81775d3373d149bc89cbea477ed71b57cf7d1b/hypothesis-6.168.0-cp314-cp314-macosx_10_12_x86_64.whl", hash = "sha256:e2df8afacf9261070795db36db4a394e3ccdbb663fd2d38c7a9fba0c836dcecc", size = 793101 },
    { url = "https://files.pythonhosted.org/packages/6d/c4/494e42304b15f4ec649d36bbc3fc01cef1b63405cf30d4087ae07d048172/hypothesis-6.168.0-cp314-cp314-macosx_11_0_arm64.whl", hash = "sha256:9ba679f183c67adcb6f4ad93694beafb6da99fe691757f4e57b04ae77e581ba8", size = 784632 },
    { url = "https://files.pythonhosted.org/packages/f2/6d/90d874cb1d749f505749c9908f34e803b97b03457797d5893354980558bc/hypothesis-6.168.0-cp314-cp314-manylinux_2_17_aarch64.manylinux2014_aarch64.whl", hash = "sha256:9d9a8574f80fc859313aee56167d202e8625c0eedd200971130f0839f06d1c93", size = 1123101 },
    { url = "https://files.pythonhosted.org/packages/3d/bb/ec893d0e5f4bcdd0121a8a4280f4e8aba3b4cdae01411f3236016ecd1f81/hypothesis-6.168.0-cp314-cp314-manylinux_2_17_x86_64.manylinux2014_x86_64.whl", hash = "sha256:deb02de608268928d779aa889b0a9d67794b1cc0c54a322cf19e386be8a46ca7", size = 1168962 },
    { url = "https://files.pythonhosted.org/packages/11/f1/16ec2bddbaed461725d9aa5a80b43f1905ea50a08f689ec46f8966bb4f0f/hypothesis-6.168.0-cp314-cp314-musllinux_1_2_aarch64.whl", hash = "sha256:076a2096c34448931c3cfeb2eb7a6b843a56ffdce5e4e3a025bfdf8f935666d9", size = 1298932 },
    { url = "https://files.pythonhosted.org/packages/8f/12/7c2fe2706d092f12bd7b3e8565e1ca5d0c24b853751f2f970768086dbdeb/hypothesis-6.168.0-cp314-cp314-musllinux_1_2_x86_64.whl", hash = "sha256:5f099b1c8fc49ec2d9d7944e661addb97d7c38e818fb8d1f78073c43895a87f6", size = 1335196 },
    { url = "https://files.pythonhosted.org/packages/20/35/59f7ca2414ca39408d13f66a344affe0ffc64748dc01d8a1ca910009cdcb/hypothesis-6.168.0-cp314-cp314-pyemscripten_2026_0_wasm32.whl", hash = "sha256:93413d1b0af50a7b165d66278c529174bf2fd1773c78027735dc0b50d1d3fd27", size = 624102 },
    { url = "https://files.pythonhosted.org/packages/a9/1e/dcd9335ace916ffea40f2cb04ba4122094c2f7b928f3a73fc7d452ce5b71/hypothesis-6.168.0-cp314-cp314-win_amd64.whl", hash = "sha256:db2751c27bffc8491a96d72969649089d5400115e4b7c49bf7167ebbdcc84193", size = 681871 },
    { url = "https://files.pythonhosted.org/packages/de/d0/bc50b0b91e40744b7caa56b8add85cef432f85b4d00108409e8eb17af830/hypothesis-6.168.0-cp314-cp314t-macosx_10_12_x86_64.whl", hash = "sha256:cd0c1dcf308e919c8ae708054d0ad61921ae87634a9aea574a9851da584cebc1", size = 791695 },
    { url = "https://files.pythonhosted.org/packages/4b/53/fc7537d50ff008dc5ea8598764935f93dd07bcedaf23ee4e635bdf7055f4/hypothesis-6.168.0-cp314-cp314t-macosx_11_0_arm64.whl", hash = "sha256:d0bdb77f976740b8cd5ec697327ea343d02d052b9916d213b5d4c65d823415cd", size = 783239 },
    { url = "https://files.pythonhosted.org/packages/71/2a/c7aac2efc06713f704d7e354755aff4a11608b9fe93d973ead374f3b81a3/hypothesis-6.168.0-cp314-cp314t-manylinux_2_17_aarch64.manylinux2014_aarch64.whl", hash = "sha256:3f7486bed33225d02f6aa78a4c4ba2b6f84992a82571cdda1bf08dce41d13507", size = 1121412 },
    { url = "https://files.pythonhosted.org/packages/60/e2/668ab29e5096af682b17b8491f5427d7c5f17c1b991daa5577bde80c29ca/hypothesis-6.168.0-cp314-cp314t-manylinux_2_17_x86_64.manylinux2014_x86_64.whl", hash = "sha256:0ba3838c4a92e0b9730d1ed7e67e4950c152ad79d0a0c7594065262db84c55c4", size = 1167570 },
    { url = "https://files.pythonhosted.org/packages/3a/17/c64635e4c988b5fa3d3b8be322e19e2fe4c731fa0ca074ca852aa70debea/hypothesis-6.168.0-cp314-cp314t-musllinux_1_2_aarch64.whl", hash = "sha256:891b2d281ede45130e7fa0a22fd65336cc77ef2f780ec3792e8de6fc274a02c8", size = 1297118 },
    { url = "https://files.pythonhosted.org/packages/e7/c5/c7a0d9a06bf5c3279386dd53161081a57b98c6faf60fbbf64d046315e9e6/hypothesis-6.168.0-cp314-cp314t-musllinux_1_2_x86_64.whl", hash = "sha256:e86820053afad84677f301c0b892a226be1df49790800a65668ae7cc8a1ac571", size = 1334068 },
    { url = "https://files.pythonhosted.org/packages/32/99/11a393a20a867e9b978308323d45022e96f5cd2edf391e4d9a65fb4e2cf7/hypothesis-6.168.0-cp314-cp314t-win_amd64.whl", hash = "sha256:a4956f41ab1ec6e6ef9262a35970e9f3e2caaaa1cdafe0d413156c6934dd99d8", size = 681795 },
    { url = "https://files.pythonhosted.org/packages/16/f7/5adae1bf1d4877aca2e8c8e007e57077237e9ac3765e430ffda490b17e19/hypothesis-6.168.0-cp315-abi3.abi3t-macosx_10_12_x86_64.whl", hash = "sha256:754016594fe78cef91790e0922f60d183c52f531255fbfa30dac495b813e2128", size = 791056 },
    { url = "https://files.pythonhosted.org/packages/f2/93/b1b2770b87591db5cf564b9aa0265cf21e9207d28645e0abdeb8df63225b/hypothesis-6.168.0-cp315-abi3.abi3t-macosx_11_0_arm64.whl", hash = "sha256:6f0dd437ec01140676192422b61f2f833b3ce6a3213da9b7e196ad6b3777e795", size = 782980 },
    { url = "https://files.pythonhosted.org/packages/de/bd/673171c1d2423379a7d4a0f9f009cca735a422d0c4a4ac6422d1d1736cab/hypothesis-6.168.0-cp315-abi3.abi3t-manylinux_2_17_aarch64.manylinux2014_aarch64.whl", hash = "sha256:f77af7721ff35a58fa8797decd14c932c350a2548686c6e9b844db710a3a2441", size = 1120964 },
    { url = "https://files.pythonhosted.org/packages/7d/00/33a9bd941b22a4fd8a8c805b1563e0db17efc020422f5bd15bdd0fdf258f/hypothesis-6.168.0-cp315-abi3.abi3t-manylinux_2_17_armv7l.manylinux2014_armv7l.whl", hash = "sha256:a0d28418c104d7268fdebcc09bc49f7b6569b5eb942430c6859f53ec8d4edf63", size = 1143869 },
    { url = "https://files.pythonhosted.org/packages/0f/c1/963460976f41721eff8f67f30d31059ea407cc1b41c737c8859aabf37197/hypothesis-6.168.0-cp315-abi3.abi3t-manylinux_2_17_ppc64le.manylinux2014_ppc64le.whl", hash = "sha256:812a84c4cc7f7ae4fcb39a5647cc2698e6c18254f8423126425578f1dcdac782", size = 1146453 },
    { url = "https://files.pythonhosted.org/packages/ce/53/09db238098ad66f4e6d2fe883f26c270c2595b90e21c8f969d4cb21cad7a/hypothesis-6.168.0-cp315-abi3.abi3t-manylinux_2_17_x86_64.manylinux2014_x86_64.whl", hash = "sha256:6de30e559eb151de14a5f74bceb4d97792a9315ada2a1816b5da825cd7d28edc", size = 1166918 },
    { url = "https://files.pythonhosted.org/packages/b9/31/e1b7b452c8a6166e445ba2ad80a864f6a9eee0fe4c8cecdb9af5c1ee0aa5/hypothesis-6.168.0-cp315-abi3.abi3t-manylinux_2_31_riscv64.whl", hash = "sha256:9018b20acdb061b2ef4b2fa7f558ca5db97ffea316e0a528bc003a24b2ac996e", size = 1126637 },
    { url = "https://files.pythonhosted.org/packages/97/2b/4eceed248afb46fb6b2df21cf2239362de5b25d295c2dc67a82ec8657d5e/hypothesis-6.168.0-cp315-abi3.abi3t-manylinux_2_5_i686.manylinux1_i686.whl", hash = "sha256:bc935a5d5f86fd8f5af951b8fbe00307f6f7c596f82a9a27c17d974f6ab0a26c", size = 1155682 },
    { url = "https://files.pythonhosted.org/packages/b5/3e/f3414cda4f325004d5774485e8983b7d1b99e4b91013f013dd088fd778cf/hypothesis-6.168.0-cp315-abi3.abi3t-musllinux_1_2_aarch64.whl", hash = "sha256:45fcfa05f746e253350f55f216bcef59754f5f2b85745f1fc2bb8ba81dd517a9", size = 1296464 },
    { url = "https://files.pythonhosted.org/packages/aa/40/ca79cf96545e1f172b36b8df56bfeb02b61f351f283026f9a57c4631e368/hypothesis-6.168.0-cp315-abi3.abi3t-musllinux_1_2_armv7l.whl", hash = "sha256:f89d8e998d3c936ffbbd1c3686c96f0378f6558aecc5967a3035a857f2bab0ad", size = 1421853 },
    { url = "https://files.pythonhosted.org/packages/77/bc/657d5386740c1f4ac518ff05e4c5b132f1e6df2e7c865ba8fda4279adfa5/hypothesis-6.168.0-cp315-abi3.abi3t-musllinux_1_2_ppc64le.whl", hash = "sha256:d0620fa320fa66649e6bfd71e94f3f86115fffebb7e3c6dcece19d1aaff8e07f", size = 1278216 },
    { url = "https://files.pythonhosted.org/packages/51/54/2328cdb70489a36634534478d9b238594a269d8bec4630ea0e6897048347/hypothesis-6.168.0-cp315-abi3.abi3t-musllinux_1_2_riscv64.whl", hash = "sha256:4085b61e25d3dcc6c9151d4115269870aee8cdb921611ee5c989b2786449be09", size = 1297593 },
    { url = "https://files.pythonhosted.org/packages/9c/ca/d803fa57e3ff7f460f6e262d2b74822cf143343d378501fd3da601b12040/hypothesis-6.168.0-cp315-abi3.abi3t-musllinux_1_2_x86_64.whl", hash = "sha256:b5449a64eb37d9a4aa6ac9cd2ab0fd1a24145adf421ef1536884f73f39824887", size = 1333785 },
    { url = "https://files.pythonhosted.org/packages/86/8f/b9799ae6ba6074f151db2c63f9f6f12d844512821ffaba1a3672d7e59f07/hypothesis-6.168.0-cp315-abi3.abi3t-win32.whl", hash = "sha256:91e3de666a6c4f7543000d1710e25055d63ef3032c98bd2ab338b3087bdaa780", size = 675173 },
    { url = "https://files.pythonhosted.org/packages/61/54/14c3e277b451ff24128ecc2673cac59dd7e535bce1a433c466912fd682e1/hypothesis-6.168.0-cp315-abi3.abi3t-win_amd64.whl", hash = "sha256:9a2079cd09919956dd388f1a1f8ea5a79f2b2437650fbeda31d8661217ffefef", size = 681491 },
    { url = "https://files.pythonhosted.org/packages/99/f3/827e4a48ffee7e40244b0bf064ba47c2171e053ab7edf1cf770105e23401/hypothesis-6.168.0-cp315-abi3.abi3t-win_arm64.whl", hash = "sha256:085c9aa246487c56a40ca89003d285cbffdbb5be4097ba6d0139f9c21003c04a", size = 679197 },
    { url = "https://files.pythonhosted.org/packages/1f/96/7f15e1b10d13e266b0f09cf3117dd2206104a1f6ac3b3baf6ec4c43b7c2e/hypothesis-6.168.0-pp311-pypy311_pp73-macosx_10_12_x86_64.whl", hash = "sha256:16864797de4b024e4c6cebd44598af932f870aad811341bc5bc24c738801ff76", size = 792946 },
    { url = "https://files.pythonhosted.org/packages/10/fb/32487bdcf68b3805ec5efcb7f92fb002b573ad3f90c252d2f2913c5d3124/hypothesis-6.168.0-pp311-pypy311_pp73-macosx_11_0_arm64.whl", hash = "sha256:283eda952bcb1987ccba1c8b634db0e8a960e1e92e2daa7003bc2392f19cea01", size = 788783 },
    { url = "https://files.pythonhosted.org/packages/13/26/1aa42e0069ebc68d29d980d47420af324fa002494e01c1c0321c34f609ba/hypothesis-6.168.0-pp311-pypy311_pp73-manylinux_2_17_aarch64.manylinux2014_aarch64.whl", hash = "sha256:5427a3c951080c18170486f775df6a82153882b819eca6b8e7ed77693634e5ab", size = 1124762 },
    { url = "https://files.pythonhosted.org/packages/ae/4e/99509045ed55aaa05d8408663051a93168d1a8a5bfc132d92ec1584ce47a/hypothesis-6.168.0-pp311-pypy311_pp73-manylinux_2_17_x86_64.manylinux2014_x86_64.whl", hash = "sha256:2a838218ff1eab8d7b4bf66b96037fce0a802f61f2fa5fd4b784696cac365ce7", size = 1171748 },
    { url = "https://files.pythonhosted.org/packages/a2/c9/96e57dfd89913322b5180b031b9e36a29bfe67842108b19904466476cd24/hypothesis-6.168.0-pp311-pypy311_pp73-win_amd64.whl", hash = "sha256:34e3c8b66047ba92f8b8df5e427074058d92db58038f007da4bf9d14e934ad3c", size = 685447 },
]

[[package]]
name = "iniconfig"
version = "2.3.0"
source = { registry = "https://pypi.org/simple" }
sdist = { url = "https://files.pythonhosted.org/packages/72/34/14ca021ce8e5dfedc35312d08ba8bf51fdd999c576889fc2c24cb97f4f10/iniconfig-2.3.0.tar.gz", hash = "sha256:c76315c77db068650d49c5b56314774a7804df16fee4402c1f19d6d15d8c4730", size = 20503 }
wheels = [
    { url = "https://files.pythonhosted.org/packages/cb/b1/3846dd7f199d53cb17f49cba7e651e9ce294d8497c8c150530ed11865bb8/iniconfig-2.3.0-py3-none-any.whl", hash = "sha256:f631c04d2c48c52b84d0d0549c99ff3859c98df65b3101406327ecc7d53fbf12", size = 7484 },
]

[[package]]
name = "owlrl"
version = "7.6.2"
source = { registry = "https://pypi.org/simple" }
dependencies = [
    { name = "rdflib" },
]
sdist = { url = "https://files.pythonhosted.org/packages/cb/08/50dd7fd0c64775d3d6309f35c0cc9a9d635f392f94ee2c4f9122404f7f86/owlrl-7.6.2.tar.gz", hash = "sha256:c743f35c2d908396e77823852bb1ebbce88340cd49961493983bec42c93283a8", size = 48564 }
wheels = [
    { url = "https://files.pythonhosted.org/packages/4a/5e/314be7440bf28dbd47f85321a7434c5b74179a762228487d6493c01bddce/owlrl-7.6.2-py3-none-any.whl", hash = "sha256:83347bf7f133979e87b2b18695d51d25510b99cec3f6919b5df05d4fbf058ae0", size = 55814 },
]

[[package]]
name = "packaging"
version = "26.3"
source = { registry = "https://pypi.org/simple" }
sdist = { url = "https://files.pythonhosted.org/packages/7d/fa/3944b40b07da9ce895c0e6303a5ab7d53da063554f534556b134a54d6093/packaging-26.3.tar.gz", hash = "sha256:94edc256424af38762eb31306eed28beb9f0efc50a8837492c9d6fd6004aed79", size = 313412 }
wheels = [
    { url = "https://files.pythonhosted.org/packages/63/34/ba1c580383c9eada3711951fef0795c80b829a078d72188184bcab9dd527/packaging-26.3-py3-none-any.whl", hash = "sha256:d7193f7c8e4e93f444fde0262bf90af30e16fa0ad0ad44cb553c87339b23cd1c", size = 129956 },
]

[[package]]
name = "pluggy"
version = "1.6.0"
source = { registry = "https://pypi.org/simple" }
sdist = { url = "https://files.pythonhosted.org/packages/f9/e2/3e91f31a7d2b083fe6ef3fa267035b518369d9511ffab804f839851d2779/pluggy-1.6.0.tar.gz", hash = "sha256:7dcc130b76258d33b90f61b658791dede3486c3e6bfb003ee5c9bfb396dd22f3", size = 69412 }
wheels = [
    { url = "https://files.pythonhosted.org/packages/54/20/4d324d65cc6d9205fabedc306948156824eb9f0ee1633355a8f7ec5c66bf/pluggy-1.6.0-py3-none-any.whl", hash = "sha256:e920276dd6813095e9377c0bc5566d94c932c33b27a3e3945d8389c374dd4746", size = 20538 },
]

[[package]]
name = "pygments"
version = "2.21.0"
source = { registry = "https://pypi.org/simple" }
sdist = { url = "https://files.pythonhosted.org/packages/49/2e/ced460408999b33da6b31b0021b0f37d329e202d4169aeb164493778f25b/pygments-2.21.0.tar.gz", hash = "sha256:610ca751c9bc2492b38eb9a38a7fbc93edbbb2d7182edaf34e66ae493dee5c8c", size = 5005329 }
wheels = [
    { url = "https://files.pythonhosted.org/packages/71/46/17f022dd3e953bf20a04a028a21ec746d942f8d2af30fa0f124fa0e6a684/pygments-2.21.0-py3-none-any.whl", hash = "sha256:2363c69b61c4a97c838da3b130dcd6468f4848992b21a82f2a63ec34377137d9", size = 1250147 },
]

[[package]]
name = "pyparsing"
version = "3.3.2"
source = { registry = "https://pypi.org/simple" }
sdist = { url = "https://files.pythonhosted.org/packages/f3/91/9c6ee907786a473bf81c5f53cf703ba0957b23ab84c264080fb5a450416f/pyparsing-3.3.2.tar.gz", hash = "sha256:c777f4d763f140633dcb6d8a3eda953bf7a214dc4eff598413c070bcdc117cbc", size = 6851574 }
wheels = [
    { url = "https://files.pythonhosted.org/packages/10/bd/c038d7cc38edc1aa5bf91ab8068b63d4308c66c4c8bb3cbba7dfbc049f9c/pyparsing-3.3.2-py3-none-any.whl", hash = "sha256:850ba148bd908d7e2411587e247a1e4f0327839c40e2e5e6d05a007ecc69911d", size = 122781 },
]

[[package]]
name = "pytest"
version = "9.1.1"
source = { registry = "https://pypi.org/simple" }
dependencies = [
    { name = "colorama", marker = "sys_platform == 'win32'" },
    { name = "iniconfig" },
    { name = "packaging" },
    { name = "pluggy" },
    { name = "pygments" },
]
sdist = { url = "https://files.pythonhosted.org/packages/e4/47/b9efed96c114afcfa3c9d3fe98a76a1d14c74a9e266d397cf6eb64be5e01/pytest-9.1.1.tar.gz", hash = "sha256:1088fbde8f2b49d95a549a195707afa7a76a3ce9bcadc26b6d71f0ffda5fe313", size = 1636369 }
wheels = [
    { url = "https://files.pythonhosted.org/packages/24/25/1de2678b631f5a49215c6c96fff41ba892b0a34df68d6d80292b1b48aa7f/pytest-9.1.1-py3-none-any.whl", hash = "sha256:37a86b45efb9a47a61a36449063e8e18d0cab3161329fc099eb21783169c4f0c", size = 386536 },
]

[[package]]
name = "rdflib"
version = "7.6.0"
source = { registry = "https://pypi.org/simple" }
dependencies = [
    { name = "pyparsing" },
]
sdist = { url = "https://files.pythonhosted.org/packages/98/f5/18bb77b7af9526add0c727a3b2048959847dc5fb030913e2918bf384fec3/rdflib-7.6.0.tar.gz", hash = "sha256:6c831288d5e4a5a7ece85d0ccde9877d512a3d0f02d7c06455d00d6d0ea379df", size = 4943826 }
wheels = [
    { url = "https://files.pythonhosted.org/packages/10/c2/6604a71269e0c1bd75656d5a001432d16f2cc5b8c057140ec797155c295e/rdflib-7.6.0-py3-none-any.whl", hash = "sha256:30c0a3ebf4c0e09215f066be7246794b6492e054e782d7ac2a34c9f70a15e0dd", size = 615416 },
]

[[package]]
name = "ruff"
version = "0.16.6"
source = { registry = "https://pypi.org/simple" }
sdist = { url = "https://files.pythonhosted.org/packages/a4/7c/6adb35d70e7c027e308274557901c7e00fb3407750faf3620c184ae058cb/ruff-0.16.6.tar.gz", hash = "sha256:dcf8a73d2ff77e99dde91244b4da16feba7f14e6beeb4015dee7c5a909e99050", size = 4921251 }
wheels = [
    { url = "https://files.pythonhosted.org/packages/a4/28/9cc1b79639e284ec103f43c88c644db4eb58cbd0ea1ca11f1193435369ac/ruff-0.16.6-py3-none-linux_armv6l.whl", hash = "sha256:61c368c26bf8e973e5ab14a2772de587bc068ea3f9a277f673380749b4898fb8", size = 10015638 },
    { url = "https://files.pythonhosted.org/packages/71/11/627d342ef727ea7794edf74fe23d60a074b02c3acc2e9436684e782286ca/ruff-0.16.6-py3-none-macosx_10_12_x86_64.whl", hash = "sha256:ecf4f068e2e123e43a26e9db4e19524cc56563912404e83bbfca375757e45a32", size = 10220762 },
    { url = "https://files.pythonhosted.org/packages/43/d9/b75668ce41e4c8d073d18d6d08672ba6906ce45d5c06ea4fdb2e84ce3853/ruff-0.16.6-py3-none-macosx_11_0_arm64.whl", hash = "sha256:99b62ea33baf130f50368798d841f0d95527b6d817bf31817b65dd058f1d314c", size = 9835082 },
    { url = "https://files.pythonhosted.org/packages/99/97/123ab10b05cde889c107c20f5a9774955104b5552796a2a8584b089ae8eb/ruff-0.16.6-py3-none-manylinux_2_17_aarch64.manylinux2014_aarch64.whl", hash = "sha256:7fbf89013f2bb3f6835a6038ff658dc8a1b38c98dc8e724b964168ad4e881876", size = 9949304 },
    { url = "https://files.pythonhosted.org/packages/3e/58/a4a2c59dd2e5b85929c912d9cac3056eb9ee8c7e75e9b9fe3e109174966b/ruff-0.16.6-py3-none-manylinux_2_17_armv7l.manylinux2014_armv7l.whl", hash = "sha256:56a67065e22efa6bc4d498299d3bb06c0c90aace8fac2068b5a12f9dc4d8d51d", size = 9840612 },
    { url = "https://files.pythonhosted.org/packages/61/6a/ff8c8626a786c4f49d48ced4a752dadbca65f5263005f9c2416578194694/ruff-0.16.6-py3-none-manylinux_2_17_i686.manylinux2014_i686.whl", hash = "sha256:e25cc89174874b176a157e4428d66761c2c0c006654419bf384f967f361ff1b1", size = 10543465 },
    { url = "https://files.pythonhosted.org/packages/ad/bb/c47535923365f337b82e28192e4e9eef2176511007cfd99a62fc22df5dad/ruff-0.16.6-py3-none-manylinux_2_17_ppc64le.manylinux2014_ppc64le.whl", hash = "sha256:0700580ed5303723cb3c11c2f1d2a8913ce77b7ea86646dddb887f5417a9ba70", size = 11267576 },
    { url = "https://files.pythonhosted.org/packages/ba/50/e5119a5212b5cd63b51e1f4b25e7bd636a6668fc069a3160b108ad7e3c16/ruff-0.16.6-py3-none-manylinux_2_17_s390x.manylinux2014_s390x.whl", hash = "sha256:15f1d0b6e165a6e56567befb6629f8209271311d990bae0f37e6d065035ef5f3", size = 10781993 },
    { url = "https://files.pythonhosted.org/packages/8b/98/083d8b4ef3c51a0d19db84367791cbe9f44e4b53343d19dfa83556e1cd9a/ruff-0.16.6-py3-none-manylinux_2_17_x86_64.manylinux2014_x86_64.whl", hash = "sha256:d72c591a96986ee4268860e2b7235082129ca5e4cb9cbba653a4b57c11893757", size = 10317748 },
    { url = "https://files.pythonhosted.org/packages/9a/29/68f7ff2c5ad95f19f00627ac2de95644e25fe47371ea60b2db1fd952315e/ruff-0.16.6-py3-none-manylinux_2_31_riscv64.whl", hash = "sha256:65a006baa18f33324325814c864daef03541d51564b98c517610ea756ab7003e", size = 10540096 },
    { url = "https://files.pythonhosted.org/packages/c4/f9/79a8f6de85968641d68a7863aeec577551924ef066a990a48ff93167beab/ruff-0.16.6-py3-none-musllinux_1_2_aarch64.whl", hash = "sha256:cd02a7bf1a21a8735228a3e8c95a9dc5cf86bd2a52194f4aaae2a5755b4de0f4", size = 10100494 },
    { url = "https://files.pythonhosted.org/packages/d9/e8/b81a22d9b90c00b892ccf2fa2ac36fa95de4c13ab85aea3e73795cfe4651/ruff-0.16.6-py3-none-musllinux_1_2_armv7l.whl", hash = "sha256:31b36f1e5ad85e0737f09d2be4e512e2e283583c14015da3b9dc07359ac0fc88", size = 9843663 },
    { url = "https://files.pythonhosted.org/packages/39/aa/54f516ec5e5a11c4afdceb1c454ebb054ffb96e4f4a1705580b4346abd35/ruff-0.16.6-py3-none-musllinux_1_2_i686.whl", hash = "sha256:61029b4ab4aa723fd3064fab96b1d814492596bf0c792679fffcbde1e1679953", size = 10282461 },
    { url = "https://files.pythonhosted.org/packages/52/0b/38d0aa8aa32372b96dc44f97b22e576c4147808271aab7b2cb1e353d4445/ruff-0.16.6-py3-none-musllinux_1_2_x86_64.whl", hash = "sha256:9ac8998457832c2061709d900856b7ad271dace0cb41f346588d540162bfa718", size = 10728808 },
    { url = "https://files.pythonhosted.org/packages/5e/e5/9e274e24eeb027640ffc7442f21239f16d17f47acec15ae34f32e03a5c79/ruff-0.16.6-py3-none-win32.whl", hash = "sha256:0b87d9d16fcb63e8018423ca1d50b7260f15cb2da33e30db4baad4183a948c25", size = 10049212 },
    { url = "https://files.pythonhosted.org/packages/22/31/72472449414223ed1a2da236b992adbb1a2ae59e34794574810f60ce068e/ruff-0.16.6-py3-none-win_amd64.whl", hash = "sha256:10d21c51c3495d8eaea7b703a16592117ea6eb1d649e36335aa965ff1173eb39", size = 10556402 },
    { url = "https://files.pythonhosted.org/packages/fc/07/d781f8f8e1ac24bef9f3269cf62ffb1407ca24c3a8f12e5e22874f90528c/ruff-0.16.6-py3-none-win_arm64.whl", hash = "sha256:7a976c79b958f94e50a022a19f0f8c87387448020935ec14fc74331bd0a7f2c5", size = 10412850 },
]

[[package]]
name = "sortedcontainers"
version = "2.4.0"
source = { registry = "https://pypi.org/simple" }
sdist = { url = "https://files.pythonhosted.org/packages/e8/c4/ba2f8066cceb6f23394729afe52f3bf7adec04bf9ed2c820b39e19299111/sortedcontainers-2.4.0.tar.gz", hash = "sha256:25caa5a06cc30b6b83d11423433f65d1f9d76c4c6a0c90e3379eaa43b9bfdb88", size = 30594 }
wheels = [
    { url = "https://files.pythonhosted.org/packages/32/46/9cb0e58b2deb7f82b84065f37f3bffeb12413f947f9388e4cac22c4621ce/sortedcontainers-2.4.0-py2.py3-none-any.whl", hash = "sha256:a163dcaede0f1c021485e957a39245190e74249897e2ae4b2aa38595db237ee0", size = 29575 },
]
